
Microsoft Visual Studio Solution File, Format Version 12.00
# Visual Studio Version 17
VisualStudioVersion = 17.0.31903.59
MinimumVisualStudioVersion = 10.0.40219.1
Project("{2150E333-8FDC-42A3-9474-1A3956D46DE8}") = "src", "src", "{01978803-FEF4-4A11-AF01-CF0EDD55FF27}"
EndProject
Project("{2150E333-8FDC-42A3-9474-1A3956D46DE8}") = "Braiders", "Braiders", "{B1A2C3D4-E5F6-7890-ABCD-000000000001}"
EndProject
Project("{2150E333-8FDC-42A3-9474-1A3956D46DE8}") = "Users", "Users", "{B1A2C3D4-E5F6-7890-ABCD-000000000002}"
EndProject
Project("{2150E333-8FDC-42A3-9474-1A3956D46DE8}") = "Identity", "Identity", "{B1A2C3D4-E5F6-7890-ABCD-000000000003}"
EndProject
Project("{2150E333-8FDC-42A3-9474-1A3956D46DE8}") = "Reviews", "Reviews", "{06DFF9BD-FDD9-DBAA-C53D-C97D34ECF694}"
EndProject
Project("{FAE04EC0-301F-11D3-BF4B-00C04F79EFBC}") = "Shared", "src\Shared\Shared.csproj", "{59A8D2E0-9D1A-4C53-A330-A5FAADFC4A6A}"
EndProject
Project("{9A19103F-16F7-4668-BE54-9A1E7A4F7556}") = "ApiGateway", "src\ApiGateway\ApiGateway.csproj", "{C2D3B4A5-6F70-41B9-8A28-9F7B5E2B3C1D}"
EndProject
Project("{54A90642-561A-45FF-BE2A-FC5C40F94479}") = "WebApp", "src\WebApp\WebApp.esproj", "{A1B2C3D4-E5F6-7890-ABCD-EF1234567890}"
EndProject
Project("{FAE04EC0-301F-11D3-BF4B-00C04F79EFBC}") = "Braiders.Core", "src\Braiders\Braiders.Core\Braiders.Core.csproj", "{11111111-1111-1111-1111-111111111111}"
EndProject
Project("{FAE04EC0-301F-11D3-BF4B-00C04F79EFBC}") = "Braiders.Infrastructure", "src\Braiders\Braiders.Infrastructure\Braiders.Infrastructure.csproj", "{11111111-1111-1111-1111-111111111112}"
EndProject
Project("{FAE04EC0-301F-11D3-BF4B-00C04F79EFBC}") = "Braiders.Api", "src\Braiders\Braiders.Api\Braiders.Api.csproj", "{11111111-1111-1111-1111-111111111113}"
EndProject
Project("{FAE04EC0-301F-11D3-BF4B-00C04F79EFBC}") = "Users.Core", "src\Users\Users.Core\Users.Core.csproj", "{22222222-2222-2222-2222-222222222221}"
EndProject
Project("{FAE04EC0-301F-11D3-BF4B-00C04F79EFBC}") = "Users.Infrastructure", "src\Users\Users.Infrastructure\Users.Infrastructure.csproj", "{22222222-2222-2222-2222-222222222222}"
EndProject
Project("{FAE04EC0-301F-11D3-BF4B-00C04F79EFBC}") = "Users.Api", "src\Users\Users.Api\Users.Api.csproj", "{22222222-2222-2222-2222-222222222223}"
EndProject
Project("{FAE04EC0-301F-11D3-BF4B-00C04F79EFBC}") = "Identity.Core", "src\Identity\Identity.Core\Identity.Core.csproj", "{33333333-3333-3333-3333-333333333331}"
EndProject
Project("{FAE04EC0-301F-11D3-BF4B-00C04F79EFBC}") = "Identity.Infrastructure", "src\Identity\Identity.Infrastructure\Identity.Infrastructure.csproj", "{33333333-3333-3333-3333-333333333332}"
EndProject
Project("{FAE04EC0-301F-11D3-BF4B-00C04F79EFBC}") = "Identity.Api", "src\Identity\Identity.Api\Identity.Api.csproj", "{33333333-3333-3333-3333-333333333333}"
EndProject
Project("{FAE04EC0-301F-11D3-BF4B-00C04F79EFBC}") = "Reviews.Core", "src\Reviews\Reviews.Core\Reviews.Core.csproj", "{D4372A9F-86D6-4AC1-BF36-2DD99634593D}"
EndProject
Project("{FAE04EC0-301F-11D3-BF4B-00C04F79EFBC}") = "Reviews.Infrastructure", "src\Reviews\Reviews.Infrastructure\Reviews.Infrastructure.csproj", "{C045448E-E3E7-4049-BC25-4EA534EA3299}"
EndProject
Project("{FAE04EC0-301F-11D3-BF4B-00C04F79EFBC}") = "Reviews.Api", "src\Reviews\Reviews.Api\Reviews.Api.csproj", "{D539CE98-BCE6-431C-B84C-4858EA99D8AF}"
EndProject
Global
	GlobalSection(SolutionConfigurationPlatforms) = preSolution
		Debug|Any CPU = Debug|Any CPU
		Release|Any CPU = Release|Any CPU
	EndGlobalSection
	GlobalSection(ProjectConfigurationPlatforms) = postSolution
		{59A8D2E0-9D1A-4C53-A330-A5FAADFC4A6A}.Debug|Any CPU.ActiveCfg = Debug|Any CPU
		{59A8D2E0-9D1A-4C53-A330-A5FAADFC4A6A}.Debug|Any CPU.Build.0 = Debug|Any CPU
		{59A8D2E0-9D1A-4C53-A330-A5FAADFC4A6A}.Release|Any CPU.ActiveCfg = Release|Any CPU
		{59A8D2E0-9D1A-4C53-A330-A5FAADFC4A6A}.Release|Any CPU.Build.0 = Release|Any CPU
		{C2D3B4A5-6F70-41B9-8A28-9F7B5E2B3C1D}.Debug|Any CPU.ActiveCfg = Debug|Any CPU
		{C2D3B4A5-6F70-41B9-8A28-9F7B5E2B3C1D}.Debug|Any CPU.Build.0 = Debug|Any CPU
		{C2D3B4A5-6F70-41B9-8A28-9F7B5E2B3C1D}.Release|Any CPU.ActiveCfg = Release|Any CPU
		{C2D3B4A5-6F70-41B9-8A28-9F7B5E2B3C1D}.Release|Any CPU.Build.0 = Release|Any CPU
		{A1B2C3D4-E5F6-7890-ABCD-EF1234567890}.Debug|Any CPU.ActiveCfg = Debug|Any CPU
		{A1B2C3D4-E5F6-7890-ABCD-EF1234567890}.Debug|Any CPU.Build.0 = Debug|Any CPU
		{A1B2C3D4-E5F6-7890-ABCD-EF1234567890}.Release|Any CPU.ActiveCfg = Release|Any CPU
		{A1B2C3D4-E5F6-7890-ABCD-EF1234567890}.Release|Any CPU.Build.0 = Release|Any CPU
		{11111111-1111-1111-1111-111111111111}.Debug|Any CPU.ActiveCfg = Debug|Any CPU
		{11111111-1111-1111-1111-111111111111}.Debug|Any CPU.Build.0 = Debug|Any CPU
		{11111111-1111-1111-1111-111111111111}.Release|Any CPU.ActiveCfg = Release|Any CPU
		{11111111-1111-1111-1111-111111111111}.Release|Any CPU.Build.0 = Release|Any CPU
		{11111111-1111-1111-1111-111111111112}.Debug|Any CPU.ActiveCfg = Debug|Any CPU
		{11111111-1111-1111-1111-111111111112}.Debug|Any CPU.Build.0 = Debug|Any CPU
		{11111111-1111-1111-1111-111111111112}.Release|Any CPU.ActiveCfg = Release|Any CPU
		{11111111-1111-1111-1111-111111111112}.Release|Any CPU.Build.0 = Release|Any CPU
		{11111111-1111-1111-1111-111111111113}.Debug|Any CPU.ActiveCfg = Debug|Any CPU
		{11111111-1111-1111-1111-111111111113}.Debug|Any CPU.Build.0 = Debug|Any CPU
		{11111111-1111-1111-1111-111111111113}.Release|Any CPU.ActiveCfg = Release|Any CPU
		{11111111-1111-1111-1111-111111111113}.Release|Any CPU.Build.0 = Release|Any CPU
		{22222222-2222-2222-2222-222222222221}.Debug|Any CPU.ActiveCfg = Debug|Any CPU
		{22222222-2222-2222-2222-222222222221}.Debug|Any CPU.Build.0 = Debug|Any CPU
		{22222222-2222-2222-2222-222222222221}.Release|Any CPU.ActiveCfg = Release|Any CPU
		{22222222-2222-2222-2222-222222222221}.Release|Any CPU.Build.0 = Release|Any CPU
		{22222222-2222-2222-2222-222222222222}.Debug|Any CPU.ActiveCfg = Debug|Any CPU
		{22222222-2222-2222-2222-222222222222}.Debug|Any CPU.Build.0 = Debug|Any CPU
		{22222222-2222-2222-2222-222222222222}.Release|Any CPU.ActiveCfg = Release|Any CPU
		{22222222-2222-2222-2222-222222222222}.Release|Any CPU.Build.0 = Release|Any CPU
		{22222222-2222-2222-2222-222222222223}.Debug|Any CPU.ActiveCfg = Debug|Any CPU
		{22222222-2222-2222-2222-222222222223}.Debug|Any CPU.Build.0 = Debug|Any CPU
		{22222222-2222-2222-2222-222222222223}.Release|Any CPU.ActiveCfg = Release|Any CPU
		{22222222-2222-2222-2222-222222222223}.Release|Any CPU.Build.0 = Release|Any CPU
		{33333333-3333-3333-3333-333333333331}.Debug|Any CPU.ActiveCfg = Debug|Any CPU
		{33333333-3333-3333-3333-333333333331}.Debug|Any CPU.Build.0 = Debug|Any CPU
		{33333333-3333-3333-3333-333333333331}.Release|Any CPU.ActiveCfg = Release|Any CPU
		{33333333-3333-3333-3333-333333333331}.Release|Any CPU.Build.0 = Release|Any CPU
		{33333333-3333-3333-3333-333333333332}.Debug|Any CPU.ActiveCfg = Debug|Any CPU
		{33333333-3333-3333-3333-333333333332}.Debug|Any CPU.Build.0 = Debug|Any CPU
		{33333333-3333-3333-3333-333333333332}.Release|Any CPU.ActiveCfg = Release|Any CPU
		{33333333-3333-3333-3333-333333333332}.Release|Any CPU.Build.0 = Release|Any CPU
		{33333333-3333-3333-3333-333333333333}.Debug|Any CPU.ActiveCfg = Debug|Any CPU
		{33333333-3333-3333-3333-333333333333}.Debug|Any CPU.Build.0 = Debug|Any CPU
		{33333333-3333-3333-3333-333333333333}.Release|Any CPU.ActiveCfg = Release|Any CPU
		{33333333-3333-3333-3333-333333333333}.Release|Any CPU.Build.0 = Release|Any CPU
		{D4372A9F-86D6-4AC1-BF36-2DD99634593D}.Debug|Any CPU.ActiveCfg = Debug|Any CPU
		{D4372A9F-86D6-4AC1-BF36-2DD99634593D}.Debug|Any CPU.Build.0 = Debug|Any CPU
		{D4372A9F-86D6-4AC1-BF36-2DD99634593D}.Release|Any CPU.ActiveCfg = Release|Any CPU
		{D4372A9F-86D6-4AC1-BF36-2DD99634593D}.Release|Any CPU.Build.0 = Release|Any CPU
		{C045448E-E3E7-4049-BC25-4EA534EA3299}.Debug|Any CPU.ActiveCfg = Debug|Any CPU
		{C045448E-E3E7-4049-BC25-4EA534EA3299}.Debug|Any CPU.Build.0 = Debug|Any CPU
		{C045448E-E3E7-4049-BC25-4EA534EA3299}.Release|Any CPU.ActiveCfg = Release|Any CPU
		{C045448E-E3E7-4049-BC25-4EA534EA3299}.Release|Any CPU.Build.0 = Release|Any CPU
		{D539CE98-BCE6-431C-B84C-4858EA99D8AF}.Debug|Any CPU.ActiveCfg = Debug|Any CPU
		{D539CE98-BCE6-431C-B84C-4858EA99D8AF}.Debug|Any CPU.Build.0 = Debug|Any CPU
		{D539CE98-BCE6-431C-B84C-4858EA99D8AF}.Release|Any CPU.ActiveCfg = Release|Any CPU
		{D539CE98-BCE6-431C-B84C-4858EA99D8AF}.Release|Any CPU.Build.0 = Release|Any CPU
	EndGlobalSection
	GlobalSection(SolutionProperties) = preSolution
		HideSolutionNode = FALSE
	EndGlobalSection
	GlobalSection(NestedProjects) = preSolution
		{B1A2C3D4-E5F6-7890-ABCD-000000000001} = {01978803-FEF4-4A11-AF01-CF0EDD55FF27}
		{B1A2C3D4-E5F6-7890-ABCD-000000000002} = {01978803-FEF4-4A11-AF01-CF0EDD55FF27}
		{B1A2C3D4-E5F6-7890-ABCD-000000000003} = {01978803-FEF4-4A11-AF01-CF0EDD55FF27}
		{06DFF9BD-FDD9-DBAA-C53D-C97D34ECF694} = {01978803-FEF4-4A11-AF01-CF0EDD55FF27}
		{59A8D2E0-9D1A-4C53-A330-A5FAADFC4A6A} = {01978803-FEF4-4A11-AF01-CF0EDD55FF27}
		{C2D3B4A5-6F70-41B9-8A28-9F7B5E2B3C1D} = {01978803-FEF4-4A11-AF01-CF0EDD55FF27}
		{A1B2C3D4-E5F6-7890-ABCD-EF1234567890} = {01978803-FEF4-4A11-AF01-CF0EDD55FF27}
		{11111111-1111-1111-1111-111111111111} = {B1A2C3D4-E5F6-7890-ABCD-000000000001}
		{11111111-1111-1111-1111-111111111112} = {B1A2C3D4-E5F6-7890-ABCD-000000000001}
		{11111111-1111-1111-1111-111111111113} = {B1A2C3D4-E5F6-7890-ABCD-000000000001}
		{22222222-2222-2222-2222-222222222221} = {B1A2C3D4-E5F6-7890-ABCD-000000000002}
		{22222222-2222-2222-2222-222222222222} = {B1A2C3D4-E5F6-7890-ABCD-000000000002}
		{22222222-2222-2222-2222-222222222223} = {B1A2C3D4-E5F6-7890-ABCD-000000000002}
		{33333333-3333-3333-3333-333333333331} = {B1A2C3D4-E5F6-7890-ABCD-000000000003}
		{33333333-3333-3333-3333-333333333332} = {B1A2C3D4-E5F6-7890-ABCD-000000000003}
		{33333333-3333-3333-3333-333333333333} = {B1A2C3D4-E5F6-7890-ABCD-000000000003}
		{D4372A9F-86D6-4AC1-BF36-2DD99634593D} = {06DFF9BD-FDD9-DBAA-C53D-C97D34ECF694}
		{C045448E-E3E7-4049-BC25-4EA534EA3299} = {06DFF9BD-FDD9-DBAA-C53D-C97D34ECF694}
		{D539CE98-BCE6-431C-B84C-4858EA99D8AF} = {06DFF9BD-FDD9-DBAA-C53D-C97D34ECF694}
	EndGlobalSection
	GlobalSection(ExtensibilityGlobals) = postSolution
		SolutionGuid = {27B20362-B616-4B2F-8478-8D11B8050B8C}
	EndGlobalSection
EndGlobal
